{
  "pins" : [
    {
      "identity" : "alamofire",
      "kind" : "remoteSourceControl",
      "location" : "https://github.com/Alamofire/Alamofire",
      "state" : {
        "revision" : "134218330bdabe8fdca892a57123b2956d773af6",
        "version" : "5.7.0"
      }
    }
  ],
  "version" : 2
}
